// !$*UTF8*$!
{
	archiveVersion = 1;
	classes = {
	};
	objectVersion = 55;
	objects = {

/* Begin PBXBuildFile section */
		35018E87281CA71800BBD2A7 /* DBManager.swift in Sources */ = {isa = PBXBuildFile; fileRef = 35018E86281CA71800BBD2A7 /* DBManager.swift */; };
		359CDBB3281C93460019A298 /* AppDelegate.swift in Sources */ = {isa = PBXBuildFile; fileRef = 359CDBB2281C93460019A298 /* AppDelegate.swift */; };
		359CDBB5281C93460019A298 /* SceneDelegate.swift in Sources */ = {isa = PBXBuildFile; fileRef = 359CDBB4281C93460019A298 /* SceneDelegate.swift */; };
		359CDBBC281C93470019A298 /* Assets.xcassets in Resources */ = {isa = PBXBuildFile; fileRef = 359CDBBB281C93470019A298 /* Assets.xcassets */; };
		359CDBBF281C93470019A298 /* LaunchScreen.storyboard in Resources */ = {isa = PBXBuildFile; fileRef = 359CDBBD281C93470019A298 /* LaunchScreen.storyboard */; };
		359CDBC9281CA0180019A298 /* HomePageViewController.swift in Sources */ = {isa = PBXBuildFile; fileRef = 359CDBC7281CA0180019A298 /* HomePageViewController.swift */; };
		359CDBCA281CA0180019A298 /* HomePageViewController.xib in Resources */ = {isa = PBXBuildFile; fileRef = 359CDBC8281CA0180019A298 /* HomePageViewController.xib */; };
		359CDBCD281CA0630019A298 /* PostTableViewCell.swift in Sources */ = {isa = PBXBuildFile; fileRef = 359CDBCB281CA0620019A298 /* PostTableViewCell.swift */; };
		359CDBCE281CA0630019A298 /* PostTableViewCell.xib in Resources */ = {isa = PBXBuildFile; fileRef = 359CDBCC281CA0630019A298 /* PostTableViewCell.xib */; };
		35F4D5EE281CB21B00FC9ADB /* Post.swift in Sources */ = {isa = PBXBuildFile; fileRef = 35F4D5ED281CB21B00FC9ADB /* Post.swift */; };
		35F4D5F0281CB7F100FC9ADB /* APIManager.swift in Sources */ = {isa = PBXBuildFile; fileRef = 35F4D5EF281CB7F100FC9ADB /* APIManager.swift */; };
		35F4D5F3281CDBB500FC9ADB /* PostsManager.swift in Sources */ = {isa = PBXBuildFile; fileRef = 35F4D5F2281CDBB500FC9ADB /* PostsManager.swift */; };
		35F4D5F5281CDCB400FC9ADB /* ReachabilityManager.swift in Sources */ = {isa = PBXBuildFile; fileRef = 35F4D5F4281CDCB400FC9ADB /* ReachabilityManager.swift */; };
		35F4D5F7281CE4AD00FC9ADB /* Comment.swift in Sources */ = {isa = PBXBuildFile; fileRef = 35F4D5F6281CE4AD00FC9ADB /* Comment.swift */; };
		35F4D5FB281CE9BF00FC9ADB /* PostDetailsViewController.swift in Sources */ = {isa = PBXBuildFile; fileRef = 35F4D5F9281CE9BF00FC9ADB /* PostDetailsViewController.swift */; };
		35F4D5FC281CE9BF00FC9ADB /* PostDetailsViewController.xib in Resources */ = {isa = PBXBuildFile; fileRef = 35F4D5FA281CE9BF00FC9ADB /* PostDetailsViewController.xib */; };
		35F4D5FE281CF99C00FC9ADB /* User.swift in Sources */ = {isa = PBXBuildFile; fileRef = 35F4D5FD281CF99C00FC9ADB /* User.swift */; };
		35F4D601281D009000FC9ADB /* CommentTableViewCell.swift in Sources */ = {isa = PBXBuildFile; fileRef = 35F4D5FF281D009000FC9ADB /* CommentTableViewCell.swift */; };
		35F4D602281D009000FC9ADB /* CommentTableViewCell.xib in Resources */ = {isa = PBXBuildFile; fileRef = 35F4D600281D009000FC9ADB /* CommentTableViewCell.xib */; };
		A6910CA07E7BE36C378D96F4 /* Pods_PostsApp.framework in Frameworks */ = {isa = PBXBuildFile; fileRef = ACF5FFDF00A5AAF182DD5205 /* Pods_PostsApp.framework */; };
/* End PBXBuildFile section */

/* Begin PBXFileReference section */
		061203C522368F232BB40C3F /* Pods-PostsApp.debug.xcconfig */ = {isa = PBXFileReference; includeInIndex = 1; lastKnownFileType = text.xcconfig; name = "Pods-PostsApp.debug.xcconfig"; path = "Target Support Files/Pods-PostsApp/Pods-PostsApp.debug.xcconfig"; sourceTree = "<group>"; };
		35018E86281CA71800BBD2A7 /* DBManager.swift */ = {isa = PBXFileReference; lastKnownFileType = sourcecode.swift; path = DBManager.swift; sourceTree = "<group>"; };
		359CDBAF281C93460019A298 /* PostsApp.app */ = {isa = PBXFileReference; explicitFileType = wrapper.application; includeInIndex = 0; path = PostsApp.app; sourceTree = BUILT_PRODUCTS_DIR; };
		359CDBB2281C93460019A298 /* AppDelegate.swift */ = {isa = PBXFileReference; lastKnownFileType = sourcecode.swift; path = AppDelegate.swift; sourceTree = "<group>"; };
		359CDBB4281C93460019A298 /* SceneDelegate.swift */ = {isa = PBXFileReference; lastKnownFileType = sourcecode.swift; path = SceneDelegate.swift; sourceTree = "<group>"; };
		359CDBBB281C93470019A298 /* Assets.xcassets */ = {isa = PBXFileReference; lastKnownFileType = folder.assetcatalog; path = Assets.xcassets; sourceTree = "<group>"; };
		359CDBBE281C93470019A298 /* Base */ = {isa = PBXFileReference; lastKnownFileType = file.storyboard; name = Base; path = Base.lproj/LaunchScreen.storyboard; sourceTree = "<group>"; };
		359CDBC0281C93470019A298 /* Info.plist */ = {isa = PBXFileReference; lastKnownFileType = text.plist.xml; path = Info.plist; sourceTree = "<group>"; };
		359CDBC7281CA0180019A298 /* HomePageViewController.swift */ = {isa = PBXFileReference; lastKnownFileType = sourcecode.swift; path = HomePageViewController.swift; sourceTree = "<group>"; };
		359CDBC8281CA0180019A298 /* HomePageViewController.xib */ = {isa = PBXFileReference; lastKnownFileType = file.xib; path = HomePageViewController.xib; sourceTree = "<group>"; };
		359CDBCB281CA0620019A298 /* PostTableViewCell.swift */ = {isa = PBXFileReference; lastKnownFileType = sourcecode.swift; path = PostTableViewCell.swift; sourceTree = "<group>"; };
		359CDBCC281CA0630019A298 /* PostTableViewCell.xib */ = {isa = PBXFileReference; lastKnownFileType = file.xib; path = PostTableViewCell.xib; sourceTree = "<group>"; };
		35F4D5ED281CB21B00FC9ADB /* Post.swift */ = {isa = PBXFileReference; lastKnownFileType = sourcecode.swift; path = Post.swift; sourceTree = "<group>"; };
		35F4D5EF281CB7F100FC9ADB /* APIManager.swift */ = {isa = PBXFileReference; lastKnownFileType = sourcecode.swift; path = APIManager.swift; sourceTree = "<group>"; };
		35F4D5F2281CDBB500FC9ADB /* PostsManager.swift */ = {isa = PBXFileReference; lastKnownFileType = sourcecode.swift; path = PostsManager.swift; sourceTree = "<group>"; };
		35F4D5F4281CDCB400FC9ADB /* ReachabilityManager.swift */ = {isa = PBXFileReference; lastKnownFileType = sourcecode.swift; path = ReachabilityManager.swift; sourceTree = "<group>"; };
		35F4D5F6281CE4AD00FC9ADB /* Comment.swift */ = {isa = PBXFileReference; lastKnownFileType = sourcecode.swift; path = Comment.swift; sourceTree = "<group>"; };
		35F4D5F9281CE9BF00FC9ADB /* PostDetailsViewController.swift */ = {isa = PBXFileReference; lastKnownFileType = sourcecode.swift; path = PostDetailsViewController.swift; sourceTree = "<group>"; };
		35F4D5FA281CE9BF00FC9ADB /* PostDetailsViewController.xib */ = {isa = PBXFileReference; lastKnownFileType = file.xib; path = PostDetailsViewController.xib; sourceTree = "<group>"; };
		35F4D5FD281CF99C00FC9ADB /* User.swift */ = {isa = PBXFileReference; lastKnownFileType = sourcecode.swift; path = User.swift; sourceTree = "<group>"; };
		35F4D5FF281D009000FC9ADB /* CommentTableViewCell.swift */ = {isa = PBXFileReference; lastKnownFileType = sourcecode.swift; path = CommentTableViewCell.swift; sourceTree = "<group>"; };
		35F4D600281D009000FC9ADB /* CommentTableViewCell.xib */ = {isa = PBXFileReference; lastKnownFileType = file.xib; path = CommentTableViewCell.xib; sourceTree = "<group>"; };
		6AB0420FBF3A7A151353353A /* Pods-PostsApp.release.xcconfig */ = {isa = PBXFileReference; includeInIndex = 1; lastKnownFileType = text.xcconfig; name = "Pods-PostsApp.release.xcconfig"; path = "Target Support Files/Pods-PostsApp/Pods-PostsApp.release.xcconfig"; sourceTree = "<group>"; };
		ACF5FFDF00A5AAF182DD5205 /* Pods_PostsApp.framework */ = {isa = PBXFileReference; explicitFileType = wrapper.framework; includeInIndex = 0; path = Pods_PostsApp.framework; sourceTree = BUILT_PRODUCTS_DIR; };
/* End PBXFileReference section */

/* Begin PBXFrameworksBuildPhase section */
		359CDBAC281C93460019A298 /* Frameworks */ = {
			isa = PBXFrameworksBuildPhase;
			buildActionMask = 2147483647;
			files = (
				A6910CA07E7BE36C378D96F4 /* Pods_PostsApp.framework in Frameworks */,
			);
			runOnlyForDeploymentPostprocessing = 0;
		};
/* End PBXFrameworksBuildPhase section */

/* Begin PBXGroup section */
		35018E85281CA6C700BBD2A7 /* Managers */ = {
			isa = PBXGroup;
			children = (
				35018E86281CA71800BBD2A7 /* DBManager.swift */,
				35F4D5EF281CB7F100FC9ADB /* APIManager.swift */,
				35F4D5F4281CDCB400FC9ADB /* ReachabilityManager.swift */,
				35F4D5F2281CDBB500FC9ADB /* PostsManager.swift */,
			);
			path = Managers;
			sourceTree = "<group>";
		};
		359CDBA6281C93460019A298 = {
			isa = PBXGroup;
			children = (
				359CDBB1281C93460019A298 /* PostsApp */,
				359CDBB0281C93460019A298 /* Products */,
				5EE624D3AA72EF68C911F77F /* Pods */,
				70A717F5372BB262A0F345A5 /* Frameworks */,
			);
			sourceTree = "<group>";
		};
		359CDBB0281C93460019A298 /* Products */ = {
			isa = PBXGroup;
			children = (
				359CDBAF281C93460019A298 /* PostsApp.app */,
			);
			name = Products;
			sourceTree = "<group>";
		};
		359CDBB1281C93460019A298 /* PostsApp */ = {
			isa = PBXGroup;
			children = (
				35F4D5EC281CB21000FC9ADB /* Models */,
				35018E85281CA6C700BBD2A7 /* Managers */,
				359CDBC6281C9FF60019A298 /* UI */,
				359CDBB2281C93460019A298 /* AppDelegate.swift */,
				359CDBB4281C93460019A298 /* SceneDelegate.swift */,
				359CDBBB281C93470019A298 /* Assets.xcassets */,
				359CDBBD281C93470019A298 /* LaunchScreen.storyboard */,
				359CDBC0281C93470019A298 /* Info.plist */,
			);
			path = PostsApp;
			sourceTree = "<group>";
		};
		359CDBC6281C9FF60019A298 /* UI */ = {
			isa = PBXGroup;
			children = (
				35F4D5F8281CE94A00FC9ADB /* PostDetails */,
				35F4D5F1281CC1F100FC9ADB /* Home */,
			);
			path = UI;
			sourceTree = "<group>";
		};
		35F4D5EC281CB21000FC9ADB /* Models */ = {
			isa = PBXGroup;
			children = (
				35F4D5ED281CB21B00FC9ADB /* Post.swift */,
				35F4D5F6281CE4AD00FC9ADB /* Comment.swift */,
				35F4D5FD281CF99C00FC9ADB /* User.swift */,
			);
			path = Models;
			sourceTree = "<group>";
		};
		35F4D5F1281CC1F100FC9ADB /* Home */ = {
			isa = PBXGroup;
			children = (
				359CDBC7281CA0180019A298 /* HomePageViewController.swift */,
				359CDBC8281CA0180019A298 /* HomePageViewController.xib */,
				359CDBCB281CA0620019A298 /* PostTableViewCell.swift */,
				359CDBCC281CA0630019A298 /* PostTableViewCell.xib */,
			);
			path = Home;
			sourceTree = "<group>";
		};
		35F4D5F8281CE94A00FC9ADB /* PostDetails */ = {
			isa = PBXGroup;
			children = (
				35F4D5F9281CE9BF00FC9ADB /* PostDetailsViewController.swift */,
				35F4D5FA281CE9BF00FC9ADB /* PostDetailsViewController.xib */,
				35F4D5FF281D009000FC9ADB /* CommentTableViewCell.swift */,
				35F4D600281D009000FC9ADB /* CommentTableViewCell.xib */,
			);
			path = PostDetails;
			sourceTree = "<group>";
		};
		5EE624D3AA72EF68C911F77F /* Pods */ = {
			isa = PBXGroup;
			children = (
				061203C522368F232BB40C3F /* Pods-PostsApp.debug.xcconfig */,
				6AB0420FBF3A7A151353353A /* Pods-PostsApp.release.xcconfig */,
			);
			path = Pods;
			sourceTree = "<group>";
		};
		70A717F5372BB262A0F345A5 /* Frameworks */ = {
			isa = PBXGroup;
			children = (
				ACF5FFDF00A5AAF182DD5205 /* Pods_PostsApp.framework */,
			);
			name = Frameworks;
			sourceTree = "<group>";
		};
/* End PBXGroup section */

/* Begin PBXNativeTarget section */
		359CDBAE281C93460019A298 /* PostsApp */ = {
			isa = PBXNativeTarget;
			buildConfigurationList = 359CDBC3281C93470019A298 /* Build configuration list for PBXNativeTarget "PostsApp" */;
			buildPhases = (
				95F92FA8D3AFDD590FD1AD9B /* [CP] Check Pods Manifest.lock */,
				359CDBAB281C93460019A298 /* Sources */,
				359CDBAC281C93460019A298 /* Frameworks */,
				359CDBAD281C93460019A298 /* Resources */,
				44EF7CC46E722A8AA1EF106F /* [CP] Embed Pods Frameworks */,
			);
			buildRules = (
			);
			dependencies = (
			);
			name = PostsApp;
			productName = PostsApp;
			productReference = 359CDBAF281C93460019A298 /* PostsApp.app */;
			productType = "com.apple.product-type.application";
		};
/* End PBXNativeTarget section */

/* Begin PBXProject section */
		359CDBA7281C93460019A298 /* Project object */ = {
			isa = PBXProject;
			attributes = {
				BuildIndependentTargetsInParallel = 1;
				LastSwiftUpdateCheck = 1330;
				LastUpgradeCheck = 1330;
				TargetAttributes = {
					359CDBAE281C93460019A298 = {
						CreatedOnToolsVersion = 13.3.1;
					};
				};
			};
			buildConfigurationList = 359CDBAA281C93460019A298 /* Build configuration list for PBXProject "PostsApp" */;
			compatibilityVersion = "Xcode 13.0";
			developmentRegion = en;
			hasScannedForEncodings = 0;
			knownRegions = (
				en,
				Base,
			);
			mainGroup = 359CDBA6281C93460019A298;
			productRefGroup = 359CDBB0281C93460019A298 /* Products */;
			projectDirPath = "";
			projectRoot = "";
			targets = (
				359CDBAE281C93460019A298 /* PostsApp */,
			);
		};
/* End PBXProject section */

/* Begin PBXResourcesBuildPhase section */
		359CDBAD281C93460019A298 /* Resources */ = {
			isa = PBXResourcesBuildPhase;
			buildActionMask = 2147483647;
			files = (
				35F4D5FC281CE9BF00FC9ADB /* PostDetailsViewController.xib in Resources */,
				35F4D602281D009000FC9ADB /* CommentTableViewCell.xib in Resources */,
				359CDBBF281C93470019A298 /* LaunchScreen.storyboard in Resources */,
				359CDBCA281CA0180019A298 /* HomePageViewController.xib in Resources */,
				359CDBBC281C93470019A298 /* Assets.xcassets in Resources */,
				359CDBCE281CA0630019A298 /* PostTableViewCell.xib in Resources */,
			);
			runOnlyForDeploymentPostprocessing = 0;
		};
/* End PBXResourcesBuildPhase section */

/* Begin PBXShellScriptBuildPhase section */
		44EF7CC46E722A8AA1EF106F /* [CP] Embed Pods Frameworks */ = {
			isa = PBXShellScriptBuildPhase;
			buildActionMask = 2147483647;
			files = (
			);
			inputFileListPaths = (
				"${PODS_ROOT}/Target Support Files/Pods-PostsApp/Pods-PostsApp-frameworks-${CONFIGURATION}-input-files.xcfilelist",
			);
			name = "[CP] Embed Pods Frameworks";
			outputFileListPaths = (
				"${PODS_ROOT}/Target Support Files/Pods-PostsApp/Pods-PostsApp-frameworks-${CONFIGURATION}-output-files.xcfilelist",
			);
			runOnlyForDeploymentPostprocessing = 0;
			shellPath = /bin/sh;
			shellScript = "\"${PODS_ROOT}/Target Support Files/Pods-PostsApp/Pods-PostsApp-frameworks.sh\"\n";
			showEnvVarsInLog = 0;
		};
		95F92FA8D3AFDD590FD1AD9B /* [CP] Check Pods Manifest.lock */ = {
			isa = PBXShellScriptBuildPhase;
			buildActionMask = 2147483647;
			files = (
			);
			inputFileListPaths = (
			);
			inputPaths = (
				"${PODS_PODFILE_DIR_PATH}/Podfile.lock",
				"${PODS_ROOT}/Manifest.lock",
			);
			name = "[CP] Check Pods Manifest.lock";
			outputFileListPaths = (
			);
			outputPaths = (
				"$(DERIVED_FILE_DIR)/Pods-PostsApp-checkManifestLockResult.txt",
			);
			runOnlyForDeploymentPostprocessing = 0;
			shellPath = /bin/sh;
			shellScript = "diff \"${PODS_PODFILE_DIR_PATH}/Podfile.lock\" \"${PODS_ROOT}/Manifest.lock\" > /dev/null\nif [ $? != 0 ] ; then\n    # print error to STDERR\n    echo \"error: The sandbox is not in sync with the Podfile.lock. Run 'pod install' or update your CocoaPods installation.\" >&2\n    exit 1\nfi\n# This output is used by Xcode 'outputs' to avoid re-running this script phase.\necho \"SUCCESS\" > \"${SCRIPT_OUTPUT_FILE_0}\"\n";
			showEnvVarsInLog = 0;
		};
/* End PBXShellScriptBuildPhase section */

/* Begin PBXSourcesBuildPhase section */
		359CDBAB281C93460019A298 /* Sources */ = {
			isa = PBXSourcesBuildPhase;
			buildActionMask = 2147483647;
			files = (
				35F4D5FE281CF99C00FC9ADB /* User.swift in Sources */,
				35F4D5F0281CB7F100FC9ADB /* APIManager.swift in Sources */,
				359CDBC9281CA0180019A298 /* HomePageViewController.swift in Sources */,
				35018E87281CA71800BBD2A7 /* DBManager.swift in Sources */,
				35F4D5F3281CDBB500FC9ADB /* PostsManager.swift in Sources */,
				35F4D5F5281CDCB400FC9ADB /* ReachabilityManager.swift in Sources */,
				359CDBCD281CA0630019A298 /* PostTableViewCell.swift in Sources */,
				359CDBB3281C93460019A298 /* AppDelegate.swift in Sources */,
				35F4D5EE281CB21B00FC9ADB /* Post.swift in Sources */,
				35F4D5FB281CE9BF00FC9ADB /* PostDetailsViewController.swift in Sources */,
				35F4D601281D009000FC9ADB /* CommentTableViewCell.swift in Sources */,
				35F4D5F7281CE4AD00FC9ADB /* Comment.swift in Sources */,
				359CDBB5281C93460019A298 /* SceneDelegate.swift in Sources */,
			);
			runOnlyForDeploymentPostprocessing = 0;
		};
/* End PBXSourcesBuildPhase section */

/* Begin PBXVariantGroup section */
		359CDBBD281C93470019A298 /* LaunchScreen.storyboard */ = {
			isa = PBXVariantGroup;
			children = (
				359CDBBE281C93470019A298 /* Base */,
			);
			name = LaunchScreen.storyboard;
			sourceTree = "<group>";
		};
/* End PBXVariantGroup section */

/* Begin XCBuildConfiguration section */
		359CDBC1281C93470019A298 /* Debug */ = {
			isa = XCBuildConfiguration;
			buildSettings = {
				ALWAYS_SEARCH_USER_PATHS = NO;
				CLANG_ANALYZER_NONNULL = YES;
				CLANG_ANALYZER_NUMBER_OBJECT_CONVERSION = YES_AGGRESSIVE;
				CLANG_CXX_LANGUAGE_STANDARD = "gnu++17";
				CLANG_ENABLE_MODULES = YES;
				CLANG_ENABLE_OBJC_ARC = YES;
				CLANG_ENABLE_OBJC_WEAK = YES;
				CLANG_WARN_BLOCK_CAPTURE_AUTORELEASING = YES;
				CLANG_WARN_BOOL_CONVERSION = YES;
				CLANG_WARN_COMMA = YES;
				CLANG_WARN_CONSTANT_CONVERSION = YES;
				CLANG_WARN_DEPRECATED_OBJC_IMPLEMENTATIONS = YES;
				CLANG_WARN_DIRECT_OBJC_ISA_USAGE = YES_ERROR;
				CLANG_WARN_DOCUMENTATION_COMMENTS = YES;
				CLANG_WARN_EMPTY_BODY = YES;
				CLANG_WARN_ENUM_CONVERSION = YES;
				CLANG_WARN_INFINITE_RECURSION = YES;
				CLANG_WARN_INT_CONVERSION = YES;
				CLANG_WARN_NON_LITERAL_NULL_CONVERSION = YES;
				CLANG_WARN_OBJC_IMPLICIT_RETAIN_SELF = YES;
				CLANG_WARN_OBJC_LITERAL_CONVERSION = YES;
				CLANG_WARN_OBJC_ROOT_CLASS = YES_ERROR;
				CLANG_WARN_QUOTED_INCLUDE_IN_FRAMEWORK_HEADER = YES;
				CLANG_WARN_RANGE_LOOP_ANALYSIS = YES;
				CLANG_WARN_STRICT_PROTOTYPES = YES;
				CLANG_WARN_SUSPICIOUS_MOVE = YES;
				CLANG_WARN_UNGUARDED_AVAILABILITY = YES_AGGRESSIVE;
				CLANG_WARN_UNREACHABLE_CODE = YES;
				CLANG_WARN__DUPLICATE_METHOD_MATCH = YES;
				COPY_PHASE_STRIP = NO;
				DEBUG_INFORMATION_FORMAT = dwarf;
				ENABLE_STRICT_OBJC_MSGSEND = YES;
				ENABLE_TESTABILITY = YES;
				GCC_C_LANGUAGE_STANDARD = gnu11;
				GCC_DYNAMIC_NO_PIC = NO;
				GCC_NO_COMMON_BLOCKS = YES;
				GCC_OPTIMIZATION_LEVEL = 0;
				GCC_PREPROCESSOR_DEFINITIONS = (
					"DEBUG=1",
					"$(inherited)",
				);
				GCC_WARN_64_TO_32_BIT_CONVERSION = YES;
				GCC_WARN_ABOUT_RETURN_TYPE = YES_ERROR;
				GCC_WARN_UNDECLARED_SELECTOR = YES;
				GCC_WARN_UNINITIALIZED_AUTOS = YES_AGGRESSIVE;
				GCC_WARN_UNUSED_FUNCTION = YES;
				GCC_WARN_UNUSED_VARIABLE = YES;
				IPHONEOS_DEPLOYMENT_TARGET = 14.0;
				MTL_ENABLE_DEBUG_INFO = INCLUDE_SOURCE;
				MTL_FAST_MATH = YES;
				ONLY_ACTIVE_ARCH = YES;
				SDKROOT = iphoneos;
				SWIFT_ACTIVE_COMPILATION_CONDITIONS = DEBUG;
				SWIFT_OPTIMIZATION_LEVEL = "-Onone";
			};
			name = Debug;
		};
		359CDBC2281C93470019A298 /* Release */ = {
			isa = XCBuildConfiguration;
			buildSettings = {
				ALWAYS_SEARCH_USER_PATHS = NO;
				CLANG_ANALYZER_NONNULL = YES;
				CLANG_ANALYZER_NUMBER_OBJECT_CONVERSION = YES_AGGRESSIVE;
				CLANG_CXX_LANGUAGE_STANDARD = "gnu++17";
				CLANG_ENABLE_MODULES = YES;
				CLANG_ENABLE_OBJC_ARC = YES;
				CLANG_ENABLE_OBJC_WEAK = YES;
				CLANG_WARN_BLOCK_CAPTURE_AUTORELEASING = YES;
				CLANG_WARN_BOOL_CONVERSION = YES;
				CLANG_WARN_COMMA = YES;
				CLANG_WARN_CONSTANT_CONVERSION = YES;
				CLANG_WARN_DEPRECATED_OBJC_IMPLEMENTATIONS = YES;
				CLANG_WARN_DIRECT_OBJC_ISA_USAGE = YES_ERROR;
				CLANG_WARN_DOCUMENTATION_COMMENTS = YES;
				CLANG_WARN_EMPTY_BODY = YES;
				CLANG_WARN_ENUM_CONVERSION = YES;
				CLANG_WARN_INFINITE_RECURSION = YES;
				CLANG_WARN_INT_CONVERSION = YES;
				CLANG_WARN_NON_LITERAL_NULL_CONVERSION = YES;
				CLANG_WARN_OBJC_IMPLICIT_RETAIN_SELF = YES;
				CLANG_WARN_OBJC_LITERAL_CONVERSION = YES;
				CLANG_WARN_OBJC_ROOT_CLASS = YES_ERROR;
				CLANG_WARN_QUOTED_INCLUDE_IN_FRAMEWORK_HEADER = YES;
				CLANG_WARN_RANGE_LOOP_ANALYSIS = YES;
				CLANG_WARN_STRICT_PROTOTYPES = YES;
				CLANG_WARN_SUSPICIOUS_MOVE = YES;
				CLANG_WARN_UNGUARDED_AVAILABILITY = YES_AGGRESSIVE;
				CLANG_WARN_UNREACHABLE_CODE = YES;
				CLANG_WARN__DUPLICATE_METHOD_MATCH = YES;
				COPY_PHASE_STRIP = NO;
				DEBUG_INFORMATION_FORMAT = "dwarf-with-dsym";
				ENABLE_NS_ASSERTIONS = NO;
				ENABLE_STRICT_OBJC_MSGSEND = YES;
				GCC_C_LANGUAGE_STANDARD = gnu11;
				GCC_NO_COMMON_BLOCKS = YES;
				GCC_WARN_64_TO_32_BIT_CONVERSION = YES;
				GCC_WARN_ABOUT_RETURN_TYPE = YES_ERROR;
				GCC_WARN_UNDECLARED_SELECTOR = YES;
				GCC_WARN_UNINITIALIZED_AUTOS = YES_AGGRESSIVE;
				GCC_WARN_UNUSED_FUNCTION = YES;
				GCC_WARN_UNUSED_VARIABLE = YES;
				IPHONEOS_DEPLOYMENT_TARGET = 14.0;
				MTL_ENABLE_DEBUG_INFO = NO;
				MTL_FAST_MATH = YES;
				SDKROOT = iphoneos;
				SWIFT_COMPILATION_MODE = wholemodule;
				SWIFT_OPTIMIZATION_LEVEL = "-O";
				VALIDATE_PRODUCT = YES;
			};
			name = Release;
		};
		359CDBC4281C93470019A298 /* Debug */ = {
			isa = XCBuildConfiguration;
			baseConfigurationReference = 061203C522368F232BB40C3F /* Pods-PostsApp.debug.xcconfig */;
			buildSettings = {
				ASSETCATALOG_COMPILER_APPICON_NAME = AppIcon;
				ASSETCATALOG_COMPILER_GLOBAL_ACCENT_COLOR_NAME = AccentColor;
				CODE_SIGN_STYLE = Automatic;
				CURRENT_PROJECT_VERSION = 1;
				DEVELOPMENT_TEAM = JF5SBMV5PB;
				GENERATE_INFOPLIST_FILE = YES;
				INFOPLIST_FILE = PostsApp/Info.plist;
				INFOPLIST_KEY_UIApplicationSupportsIndirectInputEvents = YES;
				INFOPLIST_KEY_UILaunchStoryboardName = LaunchScreen;
				INFOPLIST_KEY_UISupportedInterfaceOrientations_iPad = "UIInterfaceOrientationPortrait UIInterfaceOrientationPortraitUpsideDown UIInterfaceOrientationLandscapeLeft UIInterfaceOrientationLandscapeRight";
				INFOPLIST_KEY_UISupportedInterfaceOrientations_iPhone = "UIInterfaceOrientationPortrait UIInterfaceOrientationLandscapeLeft UIInterfaceOrientationLandscapeRight";
				LD_RUNPATH_SEARCH_PATHS = (
					"$(inherited)",
					"@executable_path/Frameworks",
				);
				MARKETING_VERSION = 1.0;
				PRODUCT_BUNDLE_IDENTIFIER = me.PostsApp;
				PRODUCT_NAME = "$(TARGET_NAME)";
				SWIFT_EMIT_LOC_STRINGS = YES;
				SWIFT_VERSION = 5.0;
				TARGETED_DEVICE_FAMILY = "1,2";
			};
			name = Debug;
		};
		359CDBC5281C93470019A298 /* Release */ = {
			isa = XCBuildConfiguration;
			baseConfigurationReference = 6AB0420FBF3A7A151353353A /* Pods-PostsApp.release.xcconfig */;
			buildSettings = {
				ASSETCATALOG_COMPILER_APPICON_NAME = AppIcon;
				ASSETCATALOG_COMPILER_GLOBAL_ACCENT_COLOR_NAME = AccentColor;
				CODE_SIGN_STYLE = Automatic;
				CURRENT_PROJECT_VERSION = 1;
				DEVELOPMENT_TEAM = JF5SBMV5PB;
				GENERATE_INFOPLIST_FILE = YES;
				INFOPLIST_FILE = PostsApp/Info.plist;
				INFOPLIST_KEY_UIApplicationSupportsIndirectInputEvents = YES;
				INFOPLIST_KEY_UILaunchStoryboardName = LaunchScreen;
				INFOPLIST_KEY_UISupportedInterfaceOrientations_iPad = "UIInterfaceOrientationPortrait UIInterfaceOrientationPortraitUpsideDown UIInterfaceOrientationLandscapeLeft UIInterfaceOrientationLandscapeRight";
				INFOPLIST_KEY_UISupportedInterfaceOrientations_iPhone = "UIInterfaceOrientationPortrait UIInterfaceOrientationLandscapeLeft UIInterfaceOrientationLandscapeRight";
				LD_RUNPATH_SEARCH_PATHS = (
					"$(inherited)",
					"@executable_path/Frameworks",
				);
				MARKETING_VERSION = 1.0;
				PRODUCT_BUNDLE_IDENTIFIER = me.PostsApp;
				PRODUCT_NAME = "$(TARGET_NAME)";
				SWIFT_EMIT_LOC_STRINGS = YES;
				SWIFT_VERSION = 5.0;
				TARGETED_DEVICE_FAMILY = "1,2";
			};
			name = Release;
		};
/* End XCBuildConfiguration section */

/* Begin XCConfigurationList section */
		359CDBAA281C93460019A298 /* Build configuration list for PBXProject "PostsApp" */ = {
			isa = XCConfigurationList;
			buildConfigurations = (
				359CDBC1281C93470019A298 /* Debug */,
				359CDBC2281C93470019A298 /* Release */,
			);
			defaultConfigurationIsVisible = 0;
			defaultConfigurationName = Release;
		};
		359CDBC3281C93470019A298 /* Build configuration list for PBXNativeTarget "PostsApp" */ = {
			isa = XCConfigurationList;
			buildConfigurations = (
				359CDBC4281C93470019A298 /* Debug */,
				359CDBC5281C93470019A298 /* Release */,
			);
			defaultConfigurationIsVisible = 0;
			defaultConfigurationName = Release;
		};
/* End XCConfigurationList section */
	};
	rootObject = 359CDBA7281C93460019A298 /* Project object */;
}
